github.com/elecBrandy/freshpink v0.0.0-20250329194326-dd01b0fe051c h1:i086/Rz3DDcPlApBIv8RHg3UcPDu/8KGN8crWSwe9e8=
github.com/elecBrandy/freshpink v0.0.0-20250329194326-dd01b0fe051c/go.mod h1:YX8aUs2pLSookknUeQmbIlkxdtZpMr6cFoJz16PmeJo=
github.com/elecbrandy/freshpink v0.0.0-20250329192548-2f5ed806ebf0 h1:+jaL4gIVEomt4bsbjKfqdtr2GrsV2jVuhaUjK1es3AQ=
github.com/elecbrandy/freshpink v0.0.0-20250329192548-2f5ed806ebf0/go.mod h1:jkoBxHXTnjjhA1OrRm2amkGKGc6oL1pjbPup787Pqvs=
github.com/elecbrandy/freshpink v0.0.0-20250329194326-dd01b0fe051c h1:++CR+J+JMHkE+TaKhpaAQOuoDoGFlwLS4AzGF9g7xdM=
github.com/elecbrandy/freshpink v0.0.0-20250329194326-dd01b0fe051c/go.mod h1:jkoBxHXTnjjhA1OrRm2amkGKGc6oL1pjbPup787Pqvs=
