github.com/elecbrandy/freshpink v0.0.0-20250509134911-c74c41ad9cfe h1:sBIOpfooirGy6QimdNiKPRPGd87mlDwrmKm+S3rdhAM=
github.com/elecbrandy/freshpink v0.0.0-20250509134911-c74c41ad9cfe/go.mod h1:YjiCl2fIXdl/NJR+0YRTWVyKdDl0LYMycYzmhApzhFs=
github.com/elecbrandy/freshpink v0.0.0-20250509135410-04d310c145c2 h1:AUeXU7deILEd4C0E4MSMYQCMl+uTyHNXi9pgFxa4mNU=
github.com/elecbrandy/freshpink v0.0.0-20250509135410-04d310c145c2/go.mod h1:YjiCl2fIXdl/NJR+0YRTWVyKdDl0LYMycYzmhApzhFs=
