github.com/elecBrandy/freshpink v0.0.0-20250329194326-dd01b0fe051c h1:i086/Rz3DDcPlApBIv8RHg3UcPDu/8KGN8crWSwe9e8=
github.com/elecBrandy/freshpink v0.0.0-20250329194326-dd01b0fe051c/go.mod h1:YX8aUs2pLSookknUeQmbIlkxdtZpMr6cFoJz16PmeJo=
github.com/elecBrandy/freshpink v0.0.0-20250509044942-2c2106700643 h1:rQTX1cIMPtO+wKVgCtWZfUo4wq9W69oGBteplozyq+4=
github.com/elecBrandy/freshpink v0.0.0-20250509044942-2c2106700643/go.mod h1:YX8aUs2pLSookknUeQmbIlkxdtZpMr6cFoJz16PmeJo=
